
Microsoft Visual Studio Solution File, Format Version 12.00
# Visual Studio Version 16
VisualStudioVersion = 16.0.31729.503
MinimumVisualStudioVersion = 10.0.40219.1
Project("{00D1A9C2-B5F0-4AF3-8072-F6C62B433612}") = "Database1", "Database1\Database1.sqlproj", "{C693C480-30A0-42A9-A7C1-599F800EF66C}"
EndProject
Global
	GlobalSection(SolutionConfigurationPlatforms) = preSolution
		Debug|Any CPU = Debug|Any CPU
		Release|Any CPU = Release|Any CPU
	EndGlobalSection
	GlobalSection(ProjectConfigurationPlatforms) = postSolution
		{C693C480-30A0-42A9-A7C1-599F800EF66C}.Debug|Any CPU.ActiveCfg = Debug|Any CPU
		{C693C480-30A0-42A9-A7C1-599F800EF66C}.Debug|Any CPU.Build.0 = Debug|Any CPU
		{C693C480-30A0-42A9-A7C1-599F800EF66C}.Debug|Any CPU.Deploy.0 = Debug|Any CPU
		{C693C480-30A0-42A9-A7C1-599F800EF66C}.Release|Any CPU.ActiveCfg = Release|Any CPU
		{C693C480-30A0-42A9-A7C1-599F800EF66C}.Release|Any CPU.Build.0 = Release|Any CPU
		{C693C480-30A0-42A9-A7C1-599F800EF66C}.Release|Any CPU.Deploy.0 = Release|Any CPU
	EndGlobalSection
	GlobalSection(SolutionProperties) = preSolution
		HideSolutionNode = FALSE
	EndGlobalSection
	GlobalSection(ExtensibilityGlobals) = postSolution
		SolutionGuid = {2864AF29-708C-42B8-BAB4-7E455628B589}
	EndGlobalSection
EndGlobal
